
Microsoft Visual Studio Solution File, Format Version 12.00
# Visual Studio Version 17
VisualStudioVersion = 17.3.32929.385
MinimumVisualStudioVersion = 10.0.40219.1
Project("{9A19103F-16F7-4668-BE54-9A1E7A4F7556}") = "PracticomService.Repositories", "PracticomService.Repositories\PracticomService.Repositories.csproj", "{60AAD36F-395B-4F3A-8BB7-C894A4CA95FE}"
EndProject
Project("{9A19103F-16F7-4668-BE54-9A1E7A4F7556}") = "PracticomService.Common", "PracticomService.Common\PracticomService.Common.csproj", "{FB68C785-C9EE-4D09-A2D0-755EDC30675F}"
EndProject
Project("{9A19103F-16F7-4668-BE54-9A1E7A4F7556}") = "PracticomService.Context", "PracticomService.Context\PracticomService.Context.csproj", "{7508BEC2-C7F2-4C2A-866B-3B682B8150BA}"
EndProject
Project("{9A19103F-16F7-4668-BE54-9A1E7A4F7556}") = "PracticomService.WebAPI", "PracticomService.WebAPI\PracticomService.WebAPI.csproj", "{D9E7CD95-4AC7-4075-94BB-61C32941DB09}"
EndProject
Project("{9A19103F-16F7-4668-BE54-9A1E7A4F7556}") = "PracticomService.Services", "PracticomService.Services\PracticomService.Services.csproj", "{0D787751-E9AB-4234-A335-704B1B37B7EA}"
EndProject
Global
	GlobalSection(SolutionConfigurationPlatforms) = preSolution
		Debug|Any CPU = Debug|Any CPU
		Release|Any CPU = Release|Any CPU
	EndGlobalSection
	GlobalSection(ProjectConfigurationPlatforms) = postSolution
		{60AAD36F-395B-4F3A-8BB7-C894A4CA95FE}.Debug|Any CPU.ActiveCfg = Debug|Any CPU
		{60AAD36F-395B-4F3A-8BB7-C894A4CA95FE}.Debug|Any CPU.Build.0 = Debug|Any CPU
		{60AAD36F-395B-4F3A-8BB7-C894A4CA95FE}.Release|Any CPU.ActiveCfg = Release|Any CPU
		{60AAD36F-395B-4F3A-8BB7-C894A4CA95FE}.Release|Any CPU.Build.0 = Release|Any CPU
		{FB68C785-C9EE-4D09-A2D0-755EDC30675F}.Debug|Any CPU.ActiveCfg = Debug|Any CPU
		{FB68C785-C9EE-4D09-A2D0-755EDC30675F}.Debug|Any CPU.Build.0 = Debug|Any CPU
		{FB68C785-C9EE-4D09-A2D0-755EDC30675F}.Release|Any CPU.ActiveCfg = Release|Any CPU
		{FB68C785-C9EE-4D09-A2D0-755EDC30675F}.Release|Any CPU.Build.0 = Release|Any CPU
		{7508BEC2-C7F2-4C2A-866B-3B682B8150BA}.Debug|Any CPU.ActiveCfg = Debug|Any CPU
		{7508BEC2-C7F2-4C2A-866B-3B682B8150BA}.Debug|Any CPU.Build.0 = Debug|Any CPU
		{7508BEC2-C7F2-4C2A-866B-3B682B8150BA}.Release|Any CPU.ActiveCfg = Release|Any CPU
		{7508BEC2-C7F2-4C2A-866B-3B682B8150BA}.Release|Any CPU.Build.0 = Release|Any CPU
		{D9E7CD95-4AC7-4075-94BB-61C32941DB09}.Debug|Any CPU.ActiveCfg = Debug|Any CPU
		{D9E7CD95-4AC7-4075-94BB-61C32941DB09}.Debug|Any CPU.Build.0 = Debug|Any CPU
		{D9E7CD95-4AC7-4075-94BB-61C32941DB09}.Release|Any CPU.ActiveCfg = Release|Any CPU
		{D9E7CD95-4AC7-4075-94BB-61C32941DB09}.Release|Any CPU.Build.0 = Release|Any CPU
		{0D787751-E9AB-4234-A335-704B1B37B7EA}.Debug|Any CPU.ActiveCfg = Debug|Any CPU
		{0D787751-E9AB-4234-A335-704B1B37B7EA}.Debug|Any CPU.Build.0 = Debug|Any CPU
		{0D787751-E9AB-4234-A335-704B1B37B7EA}.Release|Any CPU.ActiveCfg = Release|Any CPU
		{0D787751-E9AB-4234-A335-704B1B37B7EA}.Release|Any CPU.Build.0 = Release|Any CPU
	EndGlobalSection
	GlobalSection(SolutionProperties) = preSolution
		HideSolutionNode = FALSE
	EndGlobalSection
	GlobalSection(ExtensibilityGlobals) = postSolution
		SolutionGuid = {A5D0480F-4D25-441B-B5EF-9E003938CEAD}
	EndGlobalSection
EndGlobal
